PODS:
  - file_selector_macos (0.0.1):
    - FlutterMacOS
  - Firebase/Auth (10.25.0):
    - Firebase/CoreOnly
    - FirebaseAuth (~> 10.25.0)
  - Firebase/CoreOnly (10.25.0):
    - FirebaseCore (= 10.25.0)
  - Firebase/Messaging (10.25.0):
    - Firebase/CoreOnly
    - FirebaseMessaging (~> 10.25.0)
  - firebase_auth (4.16.0):
    - Firebase/Auth (~> 10.25.0)
    - Firebase/CoreOnly (~> 10.25.0)
    - firebase_core
    - FlutterMacOS
  - firebase_core (2.32.0):
    - Firebase/CoreOnly (~> 10.25.0)
    - FlutterMacOS
  - firebase_messaging (14.7.10):
    - Firebase/CoreOnly (~> 10.25.0)
    - Firebase/Messaging (~> 10.25.0)
    - firebase_core
    - FlutterMacOS
  - FirebaseAppCheckInterop (10.29.0)
  - FirebaseAuth (10.25.0):
    - FirebaseAppCheckInterop (~> 10.17)
    - FirebaseCore (~> 10.0)
    - GoogleUtilities/AppDelegateSwizzler (~> 7.8)
    - GoogleUtilities/Environment (~> 7.8)
    - GTMSessionFetcher/Core (< 4.0, >= 2.1)
    - RecaptchaInterop (~> 100.0)
  - FirebaseCore (10.25.0):
    - FirebaseCoreInternal (~> 10.0)
    - GoogleUtilities/Environment (~> 7.12)
    - GoogleUtilities/Logger (~> 7.12)
  - FirebaseCoreInternal (10.29.0):
    - "GoogleUtilities/NSData+zlib (~> 7.8)"
  - FirebaseInstallations (10.29.0):
    - FirebaseCore (~> 10.0)
    - GoogleUtilities/Environment (~> 7.8)
    - GoogleUtilities/UserDefaults (~> 7.8)
    - PromisesObjC (~> 2.1)
  - FirebaseMessaging (10.25.0):
    - FirebaseCore (~> 10.0)
    - FirebaseInstallations (~> 10.0)
    - GoogleDataTransport (~> 9.3)
    - GoogleUtilities/AppDelegateSwizzler (~> 7.8)
    - GoogleUtilities/Environment (~> 7.8)
    - GoogleUtilities/Reachability (~> 7.8)
    - GoogleUtilities/UserDefaults (~> 7.8)
    - nanopb (< 2.30911.0, >= 2.30908.0)
  - flutter_local_notifications (0.0.1):
    - FlutterMacOS
  - flutter_secure_storage_darwin (10.0.0):
    - Flutter
    - FlutterMacOS
  - FlutterMacOS (1.0.0)
  - GoogleDataTransport (9.4.1):
    - GoogleUtilities/Environment (~> 7.7)
    - nanopb (< 2.30911.0, >= 2.30908.0)
    - PromisesObjC (< 3.0, >= 1.2)
  - GoogleUtilities/AppDelegateSwizzler (7.13.3):
    - GoogleUtilities/Environment
    - GoogleUtilities/Logger
    - GoogleUtilities/Network
    - GoogleUtilities/Privacy
  - GoogleUtilities/Environment (7.13.3):
    - GoogleUtilities/Privacy
    - PromisesObjC (< 3.0, >= 1.2)
  - GoogleUtilities/Logger (7.13.3):
    - GoogleUtilities/Environment
    - GoogleUtilities/Privacy
  - GoogleUtilities/Network (7.13.3):
    - GoogleUtilities/Logger
    - "GoogleUtilities/NSData+zlib"
    - GoogleUtilities/Privacy
    - GoogleUtilities/Reachability
  - "GoogleUtilities/NSData+zlib (7.13.3)":
    - GoogleUtilities/Privacy
  - GoogleUtilities/Privacy (7.13.3)
  - GoogleUtilities/Reachability (7.13.3):
    - GoogleUtilities/Logger
    - GoogleUtilities/Privacy
  - GoogleUtilities/UserDefaults (7.13.3):
    - GoogleUtilities/Logger
    - GoogleUtilities/Privacy
  - GTMSessionFetcher/Core (3.5.0)
  - isar_flutter_libs (1.0.0):
    - FlutterMacOS
  - local_auth_darwin (0.0.1):
    - Flutter
    - FlutterMacOS
  - nanopb (2.30910.0):
    - nanopb/decode (= 2.30910.0)
    - nanopb/encode (= 2.30910.0)
  - nanopb/decode (2.30910.0)
  - nanopb/encode (2.30910.0)
  - path_provider_foundation (0.0.1):
    - Flutter
    - FlutterMacOS
  - printing (1.0.0):
    - FlutterMacOS
  - PromisesObjC (2.4.0)
  - share_plus (0.0.1):
    - FlutterMacOS
  - tflite_flutter (0.0.1):
    - FlutterMacOS
  - url_launcher_macos (0.0.1):
    - FlutterMacOS

DEPENDENCIES:
  - file_selector_macos (from `Flutter/ephemeral/.symlinks/plugins/file_selector_macos/macos`)
  - firebase_auth (from `Flutter/ephemeral/.symlinks/plugins/firebase_auth/macos`)
  - firebase_core (from `Flutter/ephemeral/.symlinks/plugins/firebase_core/macos`)
  - firebase_messaging (from `Flutter/ephemeral/.symlinks/plugins/firebase_messaging/macos`)
  - flutter_local_notifications (from `Flutter/ephemeral/.symlinks/plugins/flutter_local_notifications/macos`)
  - flutter_secure_storage_darwin (from `Flutter/ephemeral/.symlinks/plugins/flutter_secure_storage_darwin/darwin`)
  - FlutterMacOS (from `Flutter/ephemeral`)
  - isar_flutter_libs (from `Flutter/ephemeral/.symlinks/plugins/isar_flutter_libs/macos`)
  - local_auth_darwin (from `Flutter/ephemeral/.symlinks/plugins/local_auth_darwin/darwin`)
  - path_provider_foundation (from `Flutter/ephemeral/.symlinks/plugins/path_provider_foundation/darwin`)
  - printing (from `Flutter/ephemeral/.symlinks/plugins/printing/macos`)
  - share_plus (from `Flutter/ephemeral/.symlinks/plugins/share_plus/macos`)
  - tflite_flutter (from `Flutter/ephemeral/.symlinks/plugins/tflite_flutter/macos`)
  - url_launcher_macos (from `Flutter/ephemeral/.symlinks/plugins/url_launcher_macos/macos`)

SPEC REPOS:
  trunk:
    - Firebase
    - FirebaseAppCheckInterop
    - FirebaseAuth
    - FirebaseCore
    - FirebaseCoreInternal
    - FirebaseInstallations
    - FirebaseMessaging
    - GoogleDataTransport
    - GoogleUtilities
    - GTMSessionFetcher
    - nanopb
    - PromisesObjC

EXTERNAL SOURCES:
  file_selector_macos:
    :path: Flutter/ephemeral/.symlinks/plugins/file_selector_macos/macos
  firebase_auth:
    :path: Flutter/ephemeral/.symlinks/plugins/firebase_auth/macos
  firebase_core:
    :path: Flutter/ephemeral/.symlinks/plugins/firebase_core/macos
  firebase_messaging:
    :path: Flutter/ephemeral/.symlinks/plugins/firebase_messaging/macos
  flutter_local_notifications:
    :path: Flutter/ephemeral/.symlinks/plugins/flutter_local_notifications/macos
  flutter_secure_storage_darwin:
    :path: Flutter/ephemeral/.symlinks/plugins/flutter_secure_storage_darwin/darwin
  FlutterMacOS:
    :path: Flutter/ephemeral
  isar_flutter_libs:
    :path: Flutter/ephemeral/.symlinks/plugins/isar_flutter_libs/macos
  local_auth_darwin:
    :path: Flutter/ephemeral/.symlinks/plugins/local_auth_darwin/darwin
  path_provider_foundation:
    :path: Flutter/ephemeral/.symlinks/plugins/path_provider_foundation/darwin
  printing:
    :path: Flutter/ephemeral/.symlinks/plugins/printing/macos
  share_plus:
    :path: Flutter/ephemeral/.symlinks/plugins/share_plus/macos
  tflite_flutter:
    :path: Flutter/ephemeral/.symlinks/plugins/tflite_flutter/macos
  url_launcher_macos:
    :path: Flutter/ephemeral/.symlinks/plugins/url_launcher_macos/macos

SPEC CHECKSUMS:
  file_selector_macos: 9e9e068e90ebee155097d00e89ae91edb2374db7
  Firebase: 0312a2352584f782ea56f66d91606891d4607f06
  firebase_auth: f49b3c28ee7969696f277ad2d2310283a3f44507
  firebase_core: e324fc945c2abe77065357fd9c8dd6853d8a88a5
  firebase_messaging: a8595a8a7ce5e55d0915dc2d6303b288d7dfa476
  FirebaseAppCheckInterop: 6a1757cfd4067d8e00fccd14fcc1b8fd78cfac07
  FirebaseAuth: c0f93dcc570c9da2bffb576969d793e95c344fbb
  FirebaseCore: 7ec4d0484817f12c3373955bc87762d96842d483
  FirebaseCoreInternal: df84dd300b561c27d5571684f389bf60b0a5c934
  FirebaseInstallations: 913cf60d0400ebd5d6b63a28b290372ab44590dd
  FirebaseMessaging: 88950ba9485052891ebe26f6c43a52bb62248952
  flutter_local_notifications: 453432cd6399a07d072885bc7828fb2307868856
  flutter_secure_storage_darwin: acdb3f316ed05a3e68f856e0353b133eec373a23
  FlutterMacOS: d0db08ddef1a9af05a5ec4b724367152bb0500b1
  GoogleDataTransport: 6c09b596d841063d76d4288cc2d2f42cc36e1e2a
  GoogleUtilities: ea963c370a38a8069cc5f7ba4ca849a60b6d7d15
  GTMSessionFetcher: 5aea5ba6bd522a239e236100971f10cb71b96ab6
  isar_flutter_libs: a65381780401f81ad6bf3f2e7cd0de5698fb98c4
  local_auth_darwin: c3ee6cce0a8d56be34c8ccb66ba31f7f180aaebb
  nanopb: 438bc412db1928dac798aa6fd75726007be04262
  path_provider_foundation: bb55f6dbba17d0dccd6737fe6f7f34fbd0376880
  printing: c4cf83c78fd684f9bc318e6aadc18972aa48f617
  PromisesObjC: f5707f49cb48b9636751c5b2e7d227e43fba9f47
  share_plus: 3c787998077d6b31e839225a282e9e27edf99274
  tflite_flutter: d1496f2e968aa5a142fb282da8f5d754fcee5613
  url_launcher_macos: f87a979182d112f911de6820aefddaf56ee9fbfd

PODFILE CHECKSUM: 54d867c82ac51cbd61b565781b9fada492027009

COCOAPODS: 1.16.2
